
Microsoft Visual Studio Solution File, Format Version 12.00
# Visual Studio 15
Project("{FAE04EC0-301F-11D3-BF4B-00C04F79EFBC}") = "Assembly-CSharp-Editor", "Assembly-CSharp-Editor.csproj", "{76C74C04-E7B9-42EC-B405-568F2403DBB3}"
EndProject
Project("{FAE04EC0-301F-11D3-BF4B-00C04F79EFBC}") = "Assembly-CSharp", "Assembly-CSharp.csproj", "{134C4D7B-BF09-BA89-169B-6FA714FBF35A}"
EndProject
Global
	GlobalSection(SolutionConfigurationPlatforms) = preSolution
		Debug|Any CPU = Debug|Any CPU
		Release|Any CPU = Release|Any CPU
	EndGlobalSection
	GlobalSection(ProjectConfigurationPlatforms) = postSolution
		{76C74C04-E7B9-42EC-B405-568F2403DBB3}.Debug|Any CPU.ActiveCfg = Debug|Any CPU
		{76C74C04-E7B9-42EC-B405-568F2403DBB3}.Debug|Any CPU.Build.0 = Debug|Any CPU
		{76C74C04-E7B9-42EC-B405-568F2403DBB3}.Release|Any CPU.ActiveCfg = Release|Any CPU
		{76C74C04-E7B9-42EC-B405-568F2403DBB3}.Release|Any CPU.Build.0 = Release|Any CPU
		{134C4D7B-BF09-BA89-169B-6FA714FBF35A}.Debug|Any CPU.ActiveCfg = Debug|Any CPU
		{134C4D7B-BF09-BA89-169B-6FA714FBF35A}.Debug|Any CPU.Build.0 = Debug|Any CPU
		{134C4D7B-BF09-BA89-169B-6FA714FBF35A}.Release|Any CPU.ActiveCfg = Release|Any CPU
		{134C4D7B-BF09-BA89-169B-6FA714FBF35A}.Release|Any CPU.Build.0 = Release|Any CPU
	EndGlobalSection
	GlobalSection(SolutionProperties) = preSolution
		HideSolutionNode = FALSE
	EndGlobalSection
EndGlobal
